// !$*UTF8*$!
{
	archiveVersion = 1;
	classes = {
	};
	objectVersion = 46;
	objects = {

/* Begin PBXBuildFile section */
		3560F4B4193260B400C282F1 /* Foundation.framework in Frameworks */ = {isa = PBXBuildFile; fileRef = 3560F4B3193260B400C282F1 /* Foundation.framework */; };
		3560F4B6193260B400C282F1 /* CoreGraphics.framework in Frameworks */ = {isa = PBXBuildFile; fileRef = 3560F4B5193260B400C282F1 /* CoreGraphics.framework */; };
		3560F4B8193260B400C282F1 /* UIKit.framework in Frameworks */ = {isa = PBXBuildFile; fileRef = 3560F4B7193260B400C282F1 /* UIKit.framework */; };
		3560F4BE193260B400C282F1 /* InfoPlist.strings in Resources */ = {isa = PBXBuildFile; fileRef = 3560F4BC193260B400C282F1 /* InfoPlist.strings */; };
		3560F4C0193260B400C282F1 /* main.m in Sources */ = {isa = PBXBuildFile; fileRef = 3560F4BF193260B400C282F1 /* main.m */; };
		3560F4C4193260B400C282F1 /* PandaVideoAppDelegate.m in Sources */ = {isa = PBXBuildFile; fileRef = 3560F4C3193260B400C282F1 /* PandaVideoAppDelegate.m */; };
		3560F4C7193260B400C282F1 /* Main.storyboard in Resources */ = {isa = PBXBuildFile; fileRef = 3560F4C5193260B400C282F1 /* Main.storyboard */; };
		3560F4CA193260B400C282F1 /* PandaVideoViewController.m in Sources */ = {isa = PBXBuildFile; fileRef = 3560F4C9193260B400C282F1 /* PandaVideoViewController.m */; };
		3560F4CC193260B400C282F1 /* Images.xcassets in Resources */ = {isa = PBXBuildFile; fileRef = 3560F4CB193260B400C282F1 /* Images.xcassets */; };
		3560F4EA1932629B00C282F1 /* PandaVideoLib.m in Sources */ = {isa = PBXBuildFile; fileRef = 3560F4E91932629B00C282F1 /* PandaVideoLib.m */; };
		3560F4ED193262B800C282F1 /* CoreMedia.framework in Frameworks */ = {isa = PBXBuildFile; fileRef = 3560F4EC193262B800C282F1 /* CoreMedia.framework */; };
		3560F4EF193262C000C282F1 /* CoreVideo.framework in Frameworks */ = {isa = PBXBuildFile; fileRef = 3560F4EE193262C000C282F1 /* CoreVideo.framework */; };
		3560F4F1193262C800C282F1 /* AVFoundation.framework in Frameworks */ = {isa = PBXBuildFile; fileRef = 3560F4F0193262C800C282F1 /* AVFoundation.framework */; };
		3560F4F3193262D000C282F1 /* CoreAudio.framework in Frameworks */ = {isa = PBXBuildFile; fileRef = 3560F4F2193262D000C282F1 /* CoreAudio.framework */; };
		35F13FF91937569200133171 /* PandaVideoFileUpload.m in Sources */ = {isa = PBXBuildFile; fileRef = 35F13FF81937569200133171 /* PandaVideoFileUpload.m */; };
		35F1405119379EC700133171 /* ASIAuthenticationDialog.m in Sources */ = {isa = PBXBuildFile; fileRef = 35F1400019379EC700133171 /* ASIAuthenticationDialog.m */; settings = {COMPILER_FLAGS = "-fno-objc-arc"; }; };
		35F1405219379EC700133171 /* ASIDataCompressor.m in Sources */ = {isa = PBXBuildFile; fileRef = 35F1400319379EC700133171 /* ASIDataCompressor.m */; settings = {COMPILER_FLAGS = "-fno-objc-arc"; }; };
		35F1405319379EC700133171 /* ASIDataDecompressor.m in Sources */ = {isa = PBXBuildFile; fileRef = 35F1400519379EC700133171 /* ASIDataDecompressor.m */; settings = {COMPILER_FLAGS = "-fno-objc-arc"; }; };
		35F1405419379EC700133171 /* ASIDownloadCache.m in Sources */ = {isa = PBXBuildFile; fileRef = 35F1400719379EC700133171 /* ASIDownloadCache.m */; settings = {COMPILER_FLAGS = "-fno-objc-arc"; }; };
		35F1405519379EC700133171 /* ASIFormDataRequest.m in Sources */ = {isa = PBXBuildFile; fileRef = 35F1400919379EC700133171 /* ASIFormDataRequest.m */; settings = {COMPILER_FLAGS = "-fno-objc-arc"; }; };
		35F1405619379EC700133171 /* ASIHTTPRequest.m in Sources */ = {isa = PBXBuildFile; fileRef = 35F1400B19379EC700133171 /* ASIHTTPRequest.m */; settings = {COMPILER_FLAGS = "-fno-objc-arc"; }; };
		35F1405719379EC700133171 /* ASIInputStream.m in Sources */ = {isa = PBXBuildFile; fileRef = 35F1400F19379EC700133171 /* ASIInputStream.m */; settings = {COMPILER_FLAGS = "-fno-objc-arc"; }; };
		35F1405819379EC700133171 /* ASINetworkQueue.m in Sources */ = {isa = PBXBuildFile; fileRef = 35F1401119379EC700133171 /* ASINetworkQueue.m */; settings = {COMPILER_FLAGS = "-fno-objc-arc"; }; };
		35F1405919379EC700133171 /* ASIWebPageRequest.m in Sources */ = {isa = PBXBuildFile; fileRef = 35F1401519379EC700133171 /* ASIWebPageRequest.m */; settings = {COMPILER_FLAGS = "-fno-objc-arc"; }; };
		35F140771937A03100133171 /* CFNetwork.framework in Frameworks */ = {isa = PBXBuildFile; fileRef = 35F140761937A03100133171 /* CFNetwork.framework */; };
		35F140791937A03900133171 /* SystemConfiguration.framework in Frameworks */ = {isa = PBXBuildFile; fileRef = 35F140781937A03900133171 /* SystemConfiguration.framework */; };
		35F1407B1937A04200133171 /* MobileCoreServices.framework in Frameworks */ = {isa = PBXBuildFile; fileRef = 35F1407A1937A04200133171 /* MobileCoreServices.framework */; };
		35F1407F1937A05900133171 /* libz.dylib in Frameworks */ = {isa = PBXBuildFile; fileRef = 35F1407E1937A05900133171 /* libz.dylib */; };
		35F140811937A10800133171 /* libxml2.2.dylib in Frameworks */ = {isa = PBXBuildFile; fileRef = 35F140801937A10800133171 /* libxml2.2.dylib */; };
		35F140851937A23300133171 /* Reachability.m in Sources */ = {isa = PBXBuildFile; fileRef = 35F140841937A23300133171 /* Reachability.m */; };
/* End PBXBuildFile section */

/* Begin PBXFileReference section */
		3560F4B0193260B400C282F1 /* HttpLiveBroadcast.app */ = {isa = PBXFileReference; explicitFileType = wrapper.application; includeInIndex = 0; path = HttpLiveBroadcast.app; sourceTree = BUILT_PRODUCTS_DIR; };
		3560F4B3193260B400C282F1 /* Foundation.framework */ = {isa = PBXFileReference; lastKnownFileType = wrapper.framework; name = Foundation.framework; path = System/Library/Frameworks/Foundation.framework; sourceTree = SDKROOT; };
		3560F4B5193260B400C282F1 /* CoreGraphics.framework */ = {isa = PBXFileReference; lastKnownFileType = wrapper.framework; name = CoreGraphics.framework; path = System/Library/Frameworks/CoreGraphics.framework; sourceTree = SDKROOT; };
		3560F4B7193260B400C282F1 /* UIKit.framework */ = {isa = PBXFileReference; lastKnownFileType = wrapper.framework; name = UIKit.framework; path = System/Library/Frameworks/UIKit.framework; sourceTree = SDKROOT; };
		3560F4BB193260B400C282F1 /* HttpLiveBroadcast-Info.plist */ = {isa = PBXFileReference; lastKnownFileType = text.plist.xml; path = "HttpLiveBroadcast-Info.plist"; sourceTree = "<group>"; };
		3560F4BD193260B400C282F1 /* en */ = {isa = PBXFileReference; lastKnownFileType = text.plist.strings; name = en; path = en.lproj/InfoPlist.strings; sourceTree = "<group>"; };
		3560F4BF193260B400C282F1 /* main.m */ = {isa = PBXFileReference; lastKnownFileType = sourcecode.c.objc; path = main.m; sourceTree = "<group>"; };
		3560F4C1193260B400C282F1 /* HttpLiveBroadcast-Prefix.pch */ = {isa = PBXFileReference; lastKnownFileType = sourcecode.c.h; path = "HttpLiveBroadcast-Prefix.pch"; sourceTree = "<group>"; };
		3560F4C2193260B400C282F1 /* PandaVideoAppDelegate.h */ = {isa = PBXFileReference; lastKnownFileType = sourcecode.c.h; path = PandaVideoAppDelegate.h; sourceTree = "<group>"; };
		3560F4C3193260B400C282F1 /* PandaVideoAppDelegate.m */ = {isa = PBXFileReference; lastKnownFileType = sourcecode.c.objc; path = PandaVideoAppDelegate.m; sourceTree = "<group>"; };
		3560F4C6193260B400C282F1 /* Base */ = {isa = PBXFileReference; lastKnownFileType = file.storyboard; name = Base; path = Base.lproj/Main.storyboard; sourceTree = "<group>"; };
		3560F4C8193260B400C282F1 /* PandaVideoViewController.h */ = {isa = PBXFileReference; lastKnownFileType = sourcecode.c.h; path = PandaVideoViewController.h; sourceTree = "<group>"; };
		3560F4C9193260B400C282F1 /* PandaVideoViewController.m */ = {isa = PBXFileReference; lastKnownFileType = sourcecode.c.objc; path = PandaVideoViewController.m; sourceTree = "<group>"; };
		3560F4CB193260B400C282F1 /* Images.xcassets */ = {isa = PBXFileReference; lastKnownFileType = folder.assetcatalog; path = Images.xcassets; sourceTree = "<group>"; };
		3560F4D2193260B400C282F1 /* XCTest.framework */ = {isa = PBXFileReference; lastKnownFileType = wrapper.framework; name = XCTest.framework; path = Library/Frameworks/XCTest.framework; sourceTree = DEVELOPER_DIR; };
		3560F4DA193260B400C282F1 /* HttpLiveBroadcastTests-Info.plist */ = {isa = PBXFileReference; lastKnownFileType = text.plist.xml; path = "HttpLiveBroadcastTests-Info.plist"; sourceTree = "<group>"; };
		3560F4DC193260B400C282F1 /* en */ = {isa = PBXFileReference; lastKnownFileType = text.plist.strings; name = en; path = en.lproj/InfoPlist.strings; sourceTree = "<group>"; };
		3560F4DE193260B400C282F1 /* HttpLiveBroadcastTests.m */ = {isa = PBXFileReference; lastKnownFileType = sourcecode.c.objc; path = HttpLiveBroadcastTests.m; sourceTree = "<group>"; };
		3560F4E81932629B00C282F1 /* PandaVideoLib.h */ = {isa = PBXFileReference; fileEncoding = 4; lastKnownFileType = sourcecode.c.h; path = PandaVideoLib.h; sourceTree = "<group>"; };
		3560F4E91932629B00C282F1 /* PandaVideoLib.m */ = {isa = PBXFileReference; fileEncoding = 4; lastKnownFileType = sourcecode.c.objc; path = PandaVideoLib.m; sourceTree = "<group>"; };
		3560F4EC193262B800C282F1 /* CoreMedia.framework */ = {isa = PBXFileReference; lastKnownFileType = wrapper.framework; name = CoreMedia.framework; path = System/Library/Frameworks/CoreMedia.framework; sourceTree = SDKROOT; };
		3560F4EE193262C000C282F1 /* CoreVideo.framework */ = {isa = PBXFileReference; lastKnownFileType = wrapper.framework; name = CoreVideo.framework; path = System/Library/Frameworks/CoreVideo.framework; sourceTree = SDKROOT; };
		3560F4F0193262C800C282F1 /* AVFoundation.framework */ = {isa = PBXFileReference; lastKnownFileType = wrapper.framework; name = AVFoundation.framework; path = System/Library/Frameworks/AVFoundation.framework; sourceTree = SDKROOT; };
		3560F4F2193262D000C282F1 /* CoreAudio.framework */ = {isa = PBXFileReference; lastKnownFileType = wrapper.framework; name = CoreAudio.framework; path = System/Library/Frameworks/CoreAudio.framework; sourceTree = SDKROOT; };
		35F13FF71937569200133171 /* PandaVideoFileUpload.h */ = {isa = PBXFileReference; fileEncoding = 4; lastKnownFileType = sourcecode.c.h; path = PandaVideoFileUpload.h; sourceTree = "<group>"; };
		35F13FF81937569200133171 /* PandaVideoFileUpload.m */ = {isa = PBXFileReference; fileEncoding = 4; lastKnownFileType = sourcecode.c.objc; path = PandaVideoFileUpload.m; sourceTree = "<group>"; };
		35F13FFF19379EC700133171 /* ASIAuthenticationDialog.h */ = {isa = PBXFileReference; fileEncoding = 4; lastKnownFileType = sourcecode.c.h; path = ASIAuthenticationDialog.h; sourceTree = "<group>"; };
		35F1400019379EC700133171 /* ASIAuthenticationDialog.m */ = {isa = PBXFileReference; fileEncoding = 4; lastKnownFileType = sourcecode.c.objc; path = ASIAuthenticationDialog.m; sourceTree = "<group>"; };
		35F1400119379EC700133171 /* ASICacheDelegate.h */ = {isa = PBXFileReference; fileEncoding = 4; lastKnownFileType = sourcecode.c.h; path = ASICacheDelegate.h; sourceTree = "<group>"; };
		35F1400219379EC700133171 /* ASIDataCompressor.h */ = {isa = PBXFileReference; fileEncoding = 4; lastKnownFileType = sourcecode.c.h; path = ASIDataCompressor.h; sourceTree = "<group>"; };
		35F1400319379EC700133171 /* ASIDataCompressor.m */ = {isa = PBXFileReference; fileEncoding = 4; lastKnownFileType = sourcecode.c.objc; path = ASIDataCompressor.m; sourceTree = "<group>"; };
		35F1400419379EC700133171 /* ASIDataDecompressor.h */ = {isa = PBXFileReference; fileEncoding = 4; lastKnownFileType = sourcecode.c.h; path = ASIDataDecompressor.h; sourceTree = "<group>"; };
		35F1400519379EC700133171 /* ASIDataDecompressor.m */ = {isa = PBXFileReference; fileEncoding = 4; lastKnownFileType = sourcecode.c.objc; path = ASIDataDecompressor.m; sourceTree = "<group>"; };
		35F1400619379EC700133171 /* ASIDownloadCache.h */ = {isa = PBXFileReference; fileEncoding = 4; lastKnownFileType = sourcecode.c.h; path = ASIDownloadCache.h; sourceTree = "<group>"; };
		35F1400719379EC700133171 /* ASIDownloadCache.m */ = {isa = PBXFileReference; fileEncoding = 4; lastKnownFileType = sourcecode.c.objc; path = ASIDownloadCache.m; sourceTree = "<group>"; };
		35F1400819379EC700133171 /* ASIFormDataRequest.h */ = {isa = PBXFileReference; fileEncoding = 4; lastKnownFileType = sourcecode.c.h; path = ASIFormDataRequest.h; sourceTree = "<group>"; };
		35F1400919379EC700133171 /* ASIFormDataRequest.m */ = {isa = PBXFileReference; fileEncoding = 4; lastKnownFileType = sourcecode.c.objc; path = ASIFormDataRequest.m; sourceTree = "<group>"; };
		35F1400A19379EC700133171 /* ASIHTTPRequest.h */ = {isa = PBXFileReference; fileEncoding = 4; lastKnownFileType = sourcecode.c.h; path = ASIHTTPRequest.h; sourceTree = "<group>"; };
		35F1400B19379EC700133171 /* ASIHTTPRequest.m */ = {isa = PBXFileReference; fileEncoding = 4; lastKnownFileType = sourcecode.c.objc; path = ASIHTTPRequest.m; sourceTree = "<group>"; };
		35F1400C19379EC700133171 /* ASIHTTPRequestConfig.h */ = {isa = PBXFileReference; fileEncoding = 4; lastKnownFileType = sourcecode.c.h; path = ASIHTTPRequestConfig.h; sourceTree = "<group>"; };
		35F1400D19379EC700133171 /* ASIHTTPRequestDelegate.h */ = {isa = PBXFileReference; fileEncoding = 4; lastKnownFileType = sourcecode.c.h; path = ASIHTTPRequestDelegate.h; sourceTree = "<group>"; };
		35F1400E19379EC700133171 /* ASIInputStream.h */ = {isa = PBXFileReference; fileEncoding = 4; lastKnownFileType = sourcecode.c.h; path = ASIInputStream.h; sourceTree = "<group>"; };
		35F1400F19379EC700133171 /* ASIInputStream.m */ = {isa = PBXFileReference; fileEncoding = 4; lastKnownFileType = sourcecode.c.objc; path = ASIInputStream.m; sourceTree = "<group>"; };
		35F1401019379EC700133171 /* ASINetworkQueue.h */ = {isa = PBXFileReference; fileEncoding = 4; lastKnownFileType = sourcecode.c.h; path = ASINetworkQueue.h; sourceTree = "<group>"; };
		35F1401119379EC700133171 /* ASINetworkQueue.m */ = {isa = PBXFileReference; fileEncoding = 4; lastKnownFileType = sourcecode.c.objc; path = ASINetworkQueue.m; sourceTree = "<group>"; };
		35F1401219379EC700133171 /* ASIProgressDelegate.h */ = {isa = PBXFileReference; fileEncoding = 4; lastKnownFileType = sourcecode.c.h; path = ASIProgressDelegate.h; sourceTree = "<group>"; };
		35F1401419379EC700133171 /* ASIWebPageRequest.h */ = {isa = PBXFileReference; fileEncoding = 4; lastKnownFileType = sourcecode.c.h; path = ASIWebPageRequest.h; sourceTree = "<group>"; };
		35F1401519379EC700133171 /* ASIWebPageRequest.m */ = {isa = PBXFileReference; fileEncoding = 4; lastKnownFileType = sourcecode.c.objc; path = ASIWebPageRequest.m; sourceTree = "<group>"; };
		35F140761937A03100133171 /* CFNetwork.framework */ = {isa = PBXFileReference; lastKnownFileType = wrapper.framework; name = CFNetwork.framework; path = System/Library/Frameworks/CFNetwork.framework; sourceTree = SDKROOT; };
		35F140781937A03900133171 /* SystemConfiguration.framework */ = {isa = PBXFileReference; lastKnownFileType = wrapper.framework; name = SystemConfiguration.framework; path = System/Library/Frameworks/SystemConfiguration.framework; sourceTree = SDKROOT; };
		35F1407A1937A04200133171 /* MobileCoreServices.framework */ = {isa = PBXFileReference; lastKnownFileType = wrapper.framework; name = MobileCoreServices.framework; path = System/Library/Frameworks/MobileCoreServices.framework; sourceTree = SDKROOT; };
		35F1407C1937A05100133171 /* libz.1.1.3.dylib */ = {isa = PBXFileReference; lastKnownFileType = "compiled.mach-o.dylib"; name = libz.1.1.3.dylib; path = usr/lib/libz.1.1.3.dylib; sourceTree = SDKROOT; };
		35F1407E1937A05900133171 /* libz.dylib */ = {isa = PBXFileReference; lastKnownFileType = "compiled.mach-o.dylib"; name = libz.dylib; path = usr/lib/libz.dylib; sourceTree = SDKROOT; };
		35F140801937A10800133171 /* libxml2.2.dylib */ = {isa = PBXFileReference; lastKnownFileType = "compiled.mach-o.dylib"; name = libxml2.2.dylib; path = usr/lib/libxml2.2.dylib; sourceTree = SDKROOT; };
		35F140831937A23300133171 /* Reachability.h */ = {isa = PBXFileReference; fileEncoding = 4; lastKnownFileType = sourcecode.c.h; path = Reachability.h; sourceTree = "<group>"; };
		35F140841937A23300133171 /* Reachability.m */ = {isa = PBXFileReference; fileEncoding = 4; lastKnownFileType = sourcecode.c.objc; path = Reachability.m; sourceTree = "<group>"; };
/* End PBXFileReference section */

/* Begin PBXFrameworksBuildPhase section */
		3560F4AD193260B400C282F1 /* Frameworks */ = {
			isa = PBXFrameworksBuildPhase;
			buildActionMask = 2147483647;
			files = (
				35F140811937A10800133171 /* libxml2.2.dylib in Frameworks */,
				35F1407F1937A05900133171 /* libz.dylib in Frameworks */,
				35F1407B1937A04200133171 /* MobileCoreServices.framework in Frameworks */,
				35F140791937A03900133171 /* SystemConfiguration.framework in Frameworks */,
				35F140771937A03100133171 /* CFNetwork.framework in Frameworks */,
				3560F4F3193262D000C282F1 /* CoreAudio.framework in Frameworks */,
				3560F4F1193262C800C282F1 /* AVFoundation.framework in Frameworks */,
				3560F4EF193262C000C282F1 /* CoreVideo.framework in Frameworks */,
				3560F4ED193262B800C282F1 /* CoreMedia.framework in Frameworks */,
				3560F4B6193260B400C282F1 /* CoreGraphics.framework in Frameworks */,
				3560F4B8193260B400C282F1 /* UIKit.framework in Frameworks */,
				3560F4B4193260B400C282F1 /* Foundation.framework in Frameworks */,
			);
			runOnlyForDeploymentPostprocessing = 0;
		};
/* End PBXFrameworksBuildPhase section */

/* Begin PBXGroup section */
		3560F4A7193260B400C282F1 = {
			isa = PBXGroup;
			children = (
				3560F4B9193260B400C282F1 /* HttpLiveBroadcast */,
				3560F4D8193260B400C282F1 /* HttpLiveBroadcastTests */,
				3560F4B2193260B400C282F1 /* Frameworks */,
				3560F4B1193260B400C282F1 /* Products */,
			);
			sourceTree = "<group>";
		};
		3560F4B1193260B400C282F1 /* Products */ = {
			isa = PBXGroup;
			children = (
				3560F4B0193260B400C282F1 /* HttpLiveBroadcast.app */,
			);
			name = Products;
			sourceTree = "<group>";
		};
		3560F4B2193260B400C282F1 /* Frameworks */ = {
			isa = PBXGroup;
			children = (
				35F140801937A10800133171 /* libxml2.2.dylib */,
				35F1407E1937A05900133171 /* libz.dylib */,
				35F1407C1937A05100133171 /* libz.1.1.3.dylib */,
				35F1407A1937A04200133171 /* MobileCoreServices.framework */,
				35F140781937A03900133171 /* SystemConfiguration.framework */,
				35F140761937A03100133171 /* CFNetwork.framework */,
				3560F4F2193262D000C282F1 /* CoreAudio.framework */,
				3560F4F0193262C800C282F1 /* AVFoundation.framework */,
				3560F4EE193262C000C282F1 /* CoreVideo.framework */,
				3560F4EC193262B800C282F1 /* CoreMedia.framework */,
				3560F4B3193260B400C282F1 /* Foundation.framework */,
				3560F4B5193260B400C282F1 /* CoreGraphics.framework */,
				3560F4B7193260B400C282F1 /* UIKit.framework */,
				3560F4D2193260B400C282F1 /* XCTest.framework */,
			);
			name = Frameworks;
			sourceTree = "<group>";
		};
		3560F4B9193260B400C282F1 /* HttpLiveBroadcast */ = {
			isa = PBXGroup;
			children = (
				3560F4C2193260B400C282F1 /* PandaVideoAppDelegate.h */,
				3560F4C3193260B400C282F1 /* PandaVideoAppDelegate.m */,
				3560F4C5193260B400C282F1 /* Main.storyboard */,
				35F13FFA19379D5300133171 /* UI */,
				3560F4CB193260B400C282F1 /* Images.xcassets */,
				3560F4BA193260B400C282F1 /* Supporting Files */,
				3560F4EB193262A000C282F1 /* PandaVideoLib */,
			);
			path = HttpLiveBroadcast;
			sourceTree = "<group>";
		};
		3560F4BA193260B400C282F1 /* Supporting Files */ = {
			isa = PBXGroup;
			children = (
				3560F4BB193260B400C282F1 /* HttpLiveBroadcast-Info.plist */,
				3560F4BC193260B400C282F1 /* InfoPlist.strings */,
				3560F4BF193260B400C282F1 /* main.m */,
				3560F4C1193260B400C282F1 /* HttpLiveBroadcast-Prefix.pch */,
			);
			name = "Supporting Files";
			sourceTree = "<group>";
		};
		3560F4D8193260B400C282F1 /* HttpLiveBroadcastTests */ = {
			isa = PBXGroup;
			children = (
				3560F4DE193260B400C282F1 /* HttpLiveBroadcastTests.m */,
				3560F4D9193260B400C282F1 /* Supporting Files */,
			);
			path = HttpLiveBroadcastTests;
			sourceTree = "<group>";
		};
		3560F4D9193260B400C282F1 /* Supporting Files */ = {
			isa = PBXGroup;
			children = (
				3560F4DA193260B400C282F1 /* HttpLiveBroadcastTests-Info.plist */,
				3560F4DB193260B400C282F1 /* InfoPlist.strings */,
			);
			name = "Supporting Files";
			sourceTree = "<group>";
		};
		3560F4EB193262A000C282F1 /* PandaVideoLib */ = {
			isa = PBXGroup;
			children = (
				35F13FFB19379D6100133171 /* Vendor */,
				3560F4E81932629B00C282F1 /* PandaVideoLib.h */,
				3560F4E91932629B00C282F1 /* PandaVideoLib.m */,
				35F13FF71937569200133171 /* PandaVideoFileUpload.h */,
				35F13FF81937569200133171 /* PandaVideoFileUpload.m */,
			);
			name = PandaVideoLib;
			sourceTree = "<group>";
		};
		35F13FFA19379D5300133171 /* UI */ = {
			isa = PBXGroup;
			children = (
				3560F4C8193260B400C282F1 /* PandaVideoViewController.h */,
				3560F4C9193260B400C282F1 /* PandaVideoViewController.m */,
			);
			name = UI;
			sourceTree = "<group>";
		};
		35F13FFB19379D6100133171 /* Vendor */ = {
			isa = PBXGroup;
			children = (
				35F140821937A22400133171 /* Reachability */,
				35F13FFE19379EBC00133171 /* ASIHttpRequest */,
			);
			name = Vendor;
			sourceTree = "<group>";
		};
		35F13FFE19379EBC00133171 /* ASIHttpRequest */ = {
			isa = PBXGroup;
			children = (
				35F13FFF19379EC700133171 /* ASIAuthenticationDialog.h */,
				35F1400019379EC700133171 /* ASIAuthenticationDialog.m */,
				35F1400119379EC700133171 /* ASICacheDelegate.h */,
				35F1400219379EC700133171 /* ASIDataCompressor.h */,
				35F1400319379EC700133171 /* ASIDataCompressor.m */,
				35F1400419379EC700133171 /* ASIDataDecompressor.h */,
				35F1400519379EC700133171 /* ASIDataDecompressor.m */,
				35F1400619379EC700133171 /* ASIDownloadCache.h */,
				35F1400719379EC700133171 /* ASIDownloadCache.m */,
				35F1400819379EC700133171 /* ASIFormDataRequest.h */,
				35F1400919379EC700133171 /* ASIFormDataRequest.m */,
				35F1400A19379EC700133171 /* ASIHTTPRequest.h */,
				35F1400B19379EC700133171 /* ASIHTTPRequest.m */,
				35F1400C19379EC700133171 /* ASIHTTPRequestConfig.h */,
				35F1400D19379EC700133171 /* ASIHTTPRequestDelegate.h */,
				35F1400E19379EC700133171 /* ASIInputStream.h */,
				35F1400F19379EC700133171 /* ASIInputStream.m */,
				35F1401019379EC700133171 /* ASINetworkQueue.h */,
				35F1401119379EC700133171 /* ASINetworkQueue.m */,
				35F1401219379EC700133171 /* ASIProgressDelegate.h */,
				35F1401319379EC700133171 /* ASIWebPageRequest */,
			);
			name = ASIHttpRequest;
			sourceTree = "<group>";
		};
		35F1401319379EC700133171 /* ASIWebPageRequest */ = {
			isa = PBXGroup;
			children = (
				35F1401419379EC700133171 /* ASIWebPageRequest.h */,
				35F1401519379EC700133171 /* ASIWebPageRequest.m */,
			);
			path = ASIWebPageRequest;
			sourceTree = "<group>";
		};
		35F140821937A22400133171 /* Reachability */ = {
			isa = PBXGroup;
			children = (
				35F140831937A23300133171 /* Reachability.h */,
				35F140841937A23300133171 /* Reachability.m */,
			);
			name = Reachability;
			sourceTree = "<group>";
		};
/* End PBXGroup section */

/* Begin PBXNativeTarget section */
		3560F4AF193260B400C282F1 /* HttpLiveBroadcast */ = {
			isa = PBXNativeTarget;
			buildConfigurationList = 3560F4E2193260B400C282F1 /* Build configuration list for PBXNativeTarget "HttpLiveBroadcast" */;
			buildPhases = (
				3560F4AC193260B400C282F1 /* Sources */,
				3560F4AD193260B400C282F1 /* Frameworks */,
				3560F4AE193260B400C282F1 /* Resources */,
			);
			buildRules = (
			);
			dependencies = (
			);
			name = HttpLiveBroadcast;
			productName = HttpLiveBroadcast;
			productReference = 3560F4B0193260B400C282F1 /* HttpLiveBroadcast.app */;
			productType = "com.apple.product-type.application";
		};
/* End PBXNativeTarget section */

/* Begin PBXProject section */
		3560F4A8193260B400C282F1 /* Project object */ = {
			isa = PBXProject;
			attributes = {
				CLASSPREFIX = PandaVideo;
				LastUpgradeCheck = 0510;
				ORGANIZATIONNAME = "Panda OS";
			};
			buildConfigurationList = 3560F4AB193260B400C282F1 /* Build configuration list for PBXProject "HttpLiveBroadcast" */;
			compatibilityVersion = "Xcode 3.2";
			developmentRegion = English;
			hasScannedForEncodings = 0;
			knownRegions = (
				en,
				Base,
			);
			mainGroup = 3560F4A7193260B400C282F1;
			productRefGroup = 3560F4B1193260B400C282F1 /* Products */;
			projectDirPath = "";
			projectRoot = "";
			targets = (
				3560F4AF193260B400C282F1 /* HttpLiveBroadcast */,
			);
		};
/* End PBXProject section */

/* Begin PBXResourcesBuildPhase section */
		3560F4AE193260B400C282F1 /* Resources */ = {
			isa = PBXResourcesBuildPhase;
			buildActionMask = 2147483647;
			files = (
				3560F4CC193260B400C282F1 /* Images.xcassets in Resources */,
				3560F4BE193260B400C282F1 /* InfoPlist.strings in Resources */,
				3560F4C7193260B400C282F1 /* Main.storyboard in Resources */,
			);
			runOnlyForDeploymentPostprocessing = 0;
		};
/* End PBXResourcesBuildPhase section */

/* Begin PBXSourcesBuildPhase section */
		3560F4AC193260B400C282F1 /* Sources */ = {
			isa = PBXSourcesBuildPhase;
			buildActionMask = 2147483647;
			files = (
				3560F4EA1932629B00C282F1 /* PandaVideoLib.m in Sources */,
				35F1405119379EC700133171 /* ASIAuthenticationDialog.m in Sources */,
				35F1405219379EC700133171 /* ASIDataCompressor.m in Sources */,
				35F13FF91937569200133171 /* PandaVideoFileUpload.m in Sources */,
				35F140851937A23300133171 /* Reachability.m in Sources */,
				3560F4C0193260B400C282F1 /* main.m in Sources */,
				35F1405619379EC700133171 /* ASIHTTPRequest.m in Sources */,
				35F1405519379EC700133171 /* ASIFormDataRequest.m in Sources */,
				35F1405419379EC700133171 /* ASIDownloadCache.m in Sources */,
				35F1405719379EC700133171 /* ASIInputStream.m in Sources */,
				35F1405919379EC700133171 /* ASIWebPageRequest.m in Sources */,
				35F1405319379EC700133171 /* ASIDataDecompressor.m in Sources */,
				35F1405819379EC700133171 /* ASINetworkQueue.m in Sources */,
				3560F4C4193260B400C282F1 /* PandaVideoAppDelegate.m in Sources */,
				3560F4CA193260B400C282F1 /* PandaVideoViewController.m in Sources */,
			);
			runOnlyForDeploymentPostprocessing = 0;
		};
/* End PBXSourcesBuildPhase section */

/* Begin PBXVariantGroup section */
		3560F4BC193260B400C282F1 /* InfoPlist.strings */ = {
			isa = PBXVariantGroup;
			children = (
				3560F4BD193260B400C282F1 /* en */,
			);
			name = InfoPlist.strings;
			sourceTree = "<group>";
		};
		3560F4C5193260B400C282F1 /* Main.storyboard */ = {
			isa = PBXVariantGroup;
			children = (
				3560F4C6193260B400C282F1 /* Base */,
			);
			name = Main.storyboard;
			sourceTree = "<group>";
		};
		3560F4DB193260B400C282F1 /* InfoPlist.strings */ = {
			isa = PBXVariantGroup;
			children = (
				3560F4DC193260B400C282F1 /* en */,
			);
			name = InfoPlist.strings;
			sourceTree = "<group>";
		};
/* End PBXVariantGroup section */

/* Begin XCBuildConfiguration section */
		3560F4E0193260B400C282F1 /* Debug */ = {
			isa = XCBuildConfiguration;
			buildSettings = {
				ALWAYS_SEARCH_USER_PATHS = NO;
				CLANG_CXX_LANGUAGE_STANDARD = "gnu++0x";
				CLANG_CXX_LIBRARY = "libc++";
				CLANG_ENABLE_MODULES = YES;
				CLANG_ENABLE_OBJC_ARC = YES;
				CLANG_WARN_BOOL_CONVERSION = YES;
				CLANG_WARN_CONSTANT_CONVERSION = YES;
				CLANG_WARN_DIRECT_OBJC_ISA_USAGE = YES_ERROR;
				CLANG_WARN_EMPTY_BODY = YES;
				CLANG_WARN_ENUM_CONVERSION = YES;
				CLANG_WARN_INT_CONVERSION = YES;
				CLANG_WARN_OBJC_ROOT_CLASS = YES_ERROR;
				CLANG_WARN__DUPLICATE_METHOD_MATCH = YES;
				"CODE_SIGN_IDENTITY[sdk=iphoneos*]" = "iPhone Developer";
				COPY_PHASE_STRIP = NO;
				GCC_C_LANGUAGE_STANDARD = gnu99;
				GCC_DYNAMIC_NO_PIC = NO;
				GCC_OPTIMIZATION_LEVEL = 0;
				GCC_PREPROCESSOR_DEFINITIONS = (
					"DEBUG=1",
					"$(inherited)",
				);
				GCC_SYMBOLS_PRIVATE_EXTERN = NO;
				GCC_WARN_64_TO_32_BIT_CONVERSION = YES;
				GCC_WARN_ABOUT_RETURN_TYPE = YES_ERROR;
				GCC_WARN_UNDECLARED_SELECTOR = YES;
				GCC_WARN_UNINITIALIZED_AUTOS = YES_AGGRESSIVE;
				GCC_WARN_UNUSED_FUNCTION = YES;
				GCC_WARN_UNUSED_VARIABLE = YES;
				IPHONEOS_DEPLOYMENT_TARGET = 7.1;
				ONLY_ACTIVE_ARCH = YES;
				SDKROOT = iphoneos;
			};
			name = Debug;
		};
		3560F4E1193260B400C282F1 /* Release */ = {
			isa = XCBuildConfiguration;
			buildSettings = {
				ALWAYS_SEARCH_USER_PATHS = NO;
				CLANG_CXX_LANGUAGE_STANDARD = "gnu++0x";
				CLANG_CXX_LIBRARY = "libc++";
				CLANG_ENABLE_MODULES = YES;
				CLANG_ENABLE_OBJC_ARC = YES;
				CLANG_WARN_BOOL_CONVERSION = YES;
				CLANG_WARN_CONSTANT_CONVERSION = YES;
				CLANG_WARN_DIRECT_OBJC_ISA_USAGE = YES_ERROR;
				CLANG_WARN_EMPTY_BODY = YES;
				CLANG_WARN_ENUM_CONVERSION = YES;
				CLANG_WARN_INT_CONVERSION = YES;
				CLANG_WARN_OBJC_ROOT_CLASS = YES_ERROR;
				CLANG_WARN__DUPLICATE_METHOD_MATCH = YES;
				"CODE_SIGN_IDENTITY[sdk=iphoneos*]" = "iPhone Developer";
				COPY_PHASE_STRIP = YES;
				ENABLE_NS_ASSERTIONS = NO;
				GCC_C_LANGUAGE_STANDARD = gnu99;
				GCC_WARN_64_TO_32_BIT_CONVERSION = YES;
				GCC_WARN_ABOUT_RETURN_TYPE = YES_ERROR;
				GCC_WARN_UNDECLARED_SELECTOR = YES;
				GCC_WARN_UNINITIALIZED_AUTOS = YES_AGGRESSIVE;
				GCC_WARN_UNUSED_FUNCTION = YES;
				GCC_WARN_UNUSED_VARIABLE = YES;
				IPHONEOS_DEPLOYMENT_TARGET = 7.1;
				SDKROOT = iphoneos;
				VALIDATE_PRODUCT = YES;
			};
			name = Release;
		};
		3560F4E3193260B400C282F1 /* Debug */ = {
			isa = XCBuildConfiguration;
			buildSettings = {
				ASSETCATALOG_COMPILER_APPICON_NAME = "PandaOS-Appicon";
				ASSETCATALOG_COMPILER_LAUNCHIMAGE_NAME = "PandaOS-Launchimage";
				GCC_PRECOMPILE_PREFIX_HEADER = YES;
				GCC_PREFIX_HEADER = "HttpLiveBroadcast/HttpLiveBroadcast-Prefix.pch";
				HEADER_SEARCH_PATHS = (
					"$(inherited)",
					/Applications/Xcode.app/Contents/Developer/Toolchains/XcodeDefault.xctoolchain/usr/include,
					"${SDK_DIR}/usr/include/libxml2",
				);
				INFOPLIST_FILE = "HttpLiveBroadcast/HttpLiveBroadcast-Info.plist";
				LIBRARY_SEARCH_PATHS = (
					"$(inherited)",
					"$(PROJECT_DIR)",
				);
				ONLY_ACTIVE_ARCH = NO;
				PRODUCT_NAME = "$(TARGET_NAME)";
				WRAPPER_EXTENSION = app;
			};
			name = Debug;
		};
		3560F4E4193260B400C282F1 /* Release */ = {
			isa = XCBuildConfiguration;
			buildSettings = {
				ASSETCATALOG_COMPILER_APPICON_NAME = "PandaOS-Appicon";
				ASSETCATALOG_COMPILER_LAUNCHIMAGE_NAME = "PandaOS-Launchimage";
				GCC_PRECOMPILE_PREFIX_HEADER = YES;
				GCC_PREFIX_HEADER = "HttpLiveBroadcast/HttpLiveBroadcast-Prefix.pch";
				HEADER_SEARCH_PATHS = (
					"$(inherited)",
					/Applications/Xcode.app/Contents/Developer/Toolchains/XcodeDefault.xctoolchain/usr/include,
					"${SDK_DIR}/usr/include/libxml2",
				);
				INFOPLIST_FILE = "HttpLiveBroadcast/HttpLiveBroadcast-Info.plist";
				LIBRARY_SEARCH_PATHS = (
					"$(inherited)",
					"$(PROJECT_DIR)",
				);
				ONLY_ACTIVE_ARCH = NO;
				PRODUCT_NAME = "$(TARGET_NAME)";
				WRAPPER_EXTENSION = app;
			};
			name = Release;
		};
/* End XCBuildConfiguration section */

/* Begin XCConfigurationList section */
		3560F4AB193260B400C282F1 /* Build configuration list for PBXProject "HttpLiveBroadcast" */ = {
			isa = XCConfigurationList;
			buildConfigurations = (
				3560F4E0193260B400C282F1 /* Debug */,
				3560F4E1193260B400C282F1 /* Release */,
			);
			defaultConfigurationIsVisible = 0;
			defaultConfigurationName = Release;
		};
		3560F4E2193260B400C282F1 /* Build configuration list for PBXNativeTarget "HttpLiveBroadcast" */ = {
			isa = XCConfigurationList;
			buildConfigurations = (
				3560F4E3193260B400C282F1 /* Debug */,
				3560F4E4193260B400C282F1 /* Release */,
			);
			defaultConfigurationIsVisible = 0;
			defaultConfigurationName = Release;
		};
/* End XCConfigurationList section */
	};
	rootObject = 3560F4A8193260B400C282F1 /* Project object */;
}
